// !$*UTF8*$!
{
	archiveVersion = 1;
	classes = {
	};
	objectVersion = 56;
	objects = {

/* Begin PBXBuildFile section */
		84C2A6E22F3E26F800EB2D03 /* ObfuscationBundle.swift in Sources */ = {isa = PBXBuildFile; fileRef = 84C2A6E12F3E26F800EB2D03 /* ObfuscationBundle.swift */; };
		84C2A6E52F3F488D00EB2D03 /* StringObfuscation.swift in Sources */ = {isa = PBXBuildFile; fileRef = 84C2A6E32F3F488D00EB2D03 /* StringObfuscation.swift */; };
		84C2A6E72F4010CF00EB2D03 /* AvatarView.swift in Sources */ = {isa = PBXBuildFile; fileRef = 84C2A6E62F4010CF00EB2D03 /* AvatarView.swift */; };
		84CAA1B32F38D5F300CCCFC1 /* Assets.xcassets in Resources */ = {isa = PBXBuildFile; fileRef = 84CAA19D2F38D5F300CCCFC1 /* Assets.xcassets */; };
		84CAA1B42F38D5F300CCCFC1 /* GoogleService-Info.plist in Resources */ = {isa = PBXBuildFile; fileRef = 84CAA1A12F38D5F300CCCFC1 /* GoogleService-Info.plist */; };
		84CAA1B52F38D5F300CCCFC1 /* LaunchScreen.storyboard in Resources */ = {isa = PBXBuildFile; fileRef = 84CAA1A42F38D5F300CCCFC1 /* LaunchScreen.storyboard */; };
		84CAA1B62F38D5F300CCCFC1 /* sky.jpeg in Resources */ = {isa = PBXBuildFile; fileRef = 84CAA1A92F38D5F300CCCFC1 /* sky.jpeg */; };
		84CAA1B72F38D5F300CCCFC1 /* sky.mp4 in Resources */ = {isa = PBXBuildFile; fileRef = 84CAA1AA2F38D5F300CCCFC1 /* sky.mp4 */; };
		84CAA1B82F38D5F300CCCFC1 /* star.jpeg in Resources */ = {isa = PBXBuildFile; fileRef = 84CAA1AB2F38D5F300CCCFC1 /* star.jpeg */; };
		84CAA1B92F38D5F300CCCFC1 /* star.mp4 in Resources */ = {isa = PBXBuildFile; fileRef = 84CAA1AC2F38D5F300CCCFC1 /* star.mp4 */; };
		84CAA1BA2F38D5F300CCCFC1 /* ActionMenuSheet.swift in Sources */ = {isa = PBXBuildFile; fileRef = 84CAA1992F38D5F300CCCFC1 /* ActionMenuSheet.swift */; };
		84CAA1BB2F38D5F300CCCFC1 /* AgreementDetails.swift in Sources */ = {isa = PBXBuildFile; fileRef = 84CAA19A2F38D5F300CCCFC1 /* AgreementDetails.swift */; };
		84CAA1BC2F38D5F300CCCFC1 /* AgreementView.swift in Sources */ = {isa = PBXBuildFile; fileRef = 84CAA19B2F38D5F300CCCFC1 /* AgreementView.swift */; };
		84CAA1BE2F38D5F300CCCFC1 /* ContentView.swift in Sources */ = {isa = PBXBuildFile; fileRef = 84CAA19E2F38D5F300CCCFC1 /* ContentView.swift */; };
		84CAA1BF2F38D5F300CCCFC1 /* DiscoverView.swift in Sources */ = {isa = PBXBuildFile; fileRef = 84CAA19F2F38D5F300CCCFC1 /* DiscoverView.swift */; };
		84CAA1C02F38D5F300CCCFC1 /* EditProfileView.swift in Sources */ = {isa = PBXBuildFile; fileRef = 84CAA1A02F38D5F300CCCFC1 /* EditProfileView.swift */; };
		84CAA1C12F38D5F300CCCFC1 /* HomeView.swift in Sources */ = {isa = PBXBuildFile; fileRef = 84CAA1A22F38D5F300CCCFC1 /* HomeView.swift */; };
		84CAA1C22F38D5F300CCCFC1 /* IMView.swift in Sources */ = {isa = PBXBuildFile; fileRef = 84CAA1A32F38D5F300CCCFC1 /* IMView.swift */; };
		84CAA1C32F38D5F300CCCFC1 /* Models.swift in Sources */ = {isa = PBXBuildFile; fileRef = 84CAA1A52F38D5F300CCCFC1 /* Models.swift */; };
		84CAA1C42F38D5F300CCCFC1 /* PostDetailView.swift in Sources */ = {isa = PBXBuildFile; fileRef = 84CAA1A62F38D5F300CCCFC1 /* PostDetailView.swift */; };
		84CAA1C52F38D5F300CCCFC1 /* ProfileView.swift in Sources */ = {isa = PBXBuildFile; fileRef = 84CAA1A72F38D5F300CCCFC1 /* ProfileView.swift */; };
		84CAA1C62F38D5F300CCCFC1 /* SessionManager.swift in Sources */ = {isa = PBXBuildFile; fileRef = 84CAA1A82F38D5F300CCCFC1 /* SessionManager.swift */; };
		84CAA1C72F38D5F300CCCFC1 /* StoreManager.swift in Sources */ = {isa = PBXBuildFile; fileRef = 84CAA1AD2F38D5F300CCCFC1 /* StoreManager.swift */; };
		84CAA1C82F38D5F300CCCFC1 /* StoreView.swift in Sources */ = {isa = PBXBuildFile; fileRef = 84CAA1AE2F38D5F300CCCFC1 /* StoreView.swift */; };
		84CAA1C92F38D5F300CCCFC1 /* tayaApp.swift in Sources */ = {isa = PBXBuildFile; fileRef = 84CAA1B02F38D5F300CCCFC1 /* tayaApp.swift */; };
		84CAA1CA2F38D5F300CCCFC1 /* VideoPlayerView.swift in Sources */ = {isa = PBXBuildFile; fileRef = 84CAA1B12F38D5F300CCCFC1 /* VideoPlayerView.swift */; };
		84CAA1D92F38D68700CCCFC1 /* AppleIAPManager.swift in Sources */ = {isa = PBXBuildFile; fileRef = 84CAA1CF2F38D68700CCCFC1 /* AppleIAPManager.swift */; };
		84CAA1DA2F38D68700CCCFC1 /* AppPermissionTool.swift in Sources */ = {isa = PBXBuildFile; fileRef = 84CAA1D02F38D68700CCCFC1 /* AppPermissionTool.swift */; };
		84CAA1DB2F38D68700CCCFC1 /* AppConfig.swift in Sources */ = {isa = PBXBuildFile; fileRef = 84CAA1CD2F38D68700CCCFC1 /* AppConfig.swift */; };
		84CAA1DC2F38D68700CCCFC1 /* AppWebViewHandleEvent.swift in Sources */ = {isa = PBXBuildFile; fileRef = 84CAA1D42F38D68700CCCFC1 /* AppWebViewHandleEvent.swift */; };
		84CAA1DD2F38D68700CCCFC1 /* AppRequestBaseModel.swift in Sources */ = {isa = PBXBuildFile; fileRef = 84CAA1D12F38D68700CCCFC1 /* AppRequestBaseModel.swift */; };
		84CAA1DE2F38D68700CCCFC1 /* AppDelegate.swift in Sources */ = {isa = PBXBuildFile; fileRef = 84CAA1CE2F38D68700CCCFC1 /* AppDelegate.swift */; };
		84CAA1DF2F38D68700CCCFC1 /* AppWebViewController.swift in Sources */ = {isa = PBXBuildFile; fileRef = 84CAA1D32F38D68700CCCFC1 /* AppWebViewController.swift */; };
		84CAA1E02F38D68700CCCFC1 /* ProgressHUD.swift in Sources */ = {isa = PBXBuildFile; fileRef = 84CAA1D72F38D68700CCCFC1 /* ProgressHUD.swift */; };
		84CAA1E12F38D68700CCCFC1 /* WaitViewController.swift in Sources */ = {isa = PBXBuildFile; fileRef = 84CAA1D82F38D68700CCCFC1 /* WaitViewController.swift */; };
		84CAA1E22F38D68700CCCFC1 /* AppAdjustManager.swift in Sources */ = {isa = PBXBuildFile; fileRef = 84CAA1CC2F38D68700CCCFC1 /* AppAdjustManager.swift */; };
		84CAA1E32F38D68700CCCFC1 /* AppRequestTool.swift in Sources */ = {isa = PBXBuildFile; fileRef = 84CAA1D22F38D68700CCCFC1 /* AppRequestTool.swift */; };
		84CAA1E42F38D68700CCCFC1 /* AppWebViewScriptDelegateHandler.swift in Sources */ = {isa = PBXBuildFile; fileRef = 84CAA1D52F38D68700CCCFC1 /* AppWebViewScriptDelegateHandler.swift */; };
		84CAA1E52F38D68700CCCFC1 /* LocalPushScheduler.swift in Sources */ = {isa = PBXBuildFile; fileRef = 84CAA1D62F38D68700CCCFC1 /* LocalPushScheduler.swift */; };
		84E8C7632F40CB25003B1E6D /* WKWebViewJavascriptBridge.m in Sources */ = {isa = PBXBuildFile; fileRef = 84E8C75F2F40CB25003B1E6D /* WKWebViewJavascriptBridge.m */; };
		84E8C7642F40CB25003B1E6D /* WebViewJavascriptBridge_JS.m in Sources */ = {isa = PBXBuildFile; fileRef = 84E8C75B2F40CB25003B1E6D /* WebViewJavascriptBridge_JS.m */; };
		84E8C7652F40CB25003B1E6D /* WebViewJavascriptBridge.m in Sources */ = {isa = PBXBuildFile; fileRef = 84E8C7592F40CB25003B1E6D /* WebViewJavascriptBridge.m */; };
		84E8C7662F40CB25003B1E6D /* WebViewJavascriptBridgeBase.m in Sources */ = {isa = PBXBuildFile; fileRef = 84E8C75D2F40CB25003B1E6D /* WebViewJavascriptBridgeBase.m */; };
		84E8C7692F40CC3D003B1E6D /* Alamofire in Frameworks */ = {isa = PBXBuildFile; productRef = 84E8C7682F40CC3D003B1E6D /* Alamofire */; };
		84E8C76E2F40CC5B003B1E6D /* HandyJSON in Frameworks */ = {isa = PBXBuildFile; productRef = 84E8C76D2F40CC5B003B1E6D /* HandyJSON */; };
		84E8C7732F40CC91003B1E6D /* Adjust in Frameworks */ = {isa = PBXBuildFile; productRef = 84E8C7722F40CC91003B1E6D /* Adjust */; };
		84E8C77F2F40CD6B003B1E6D /* KeychainSwift in Frameworks */ = {isa = PBXBuildFile; productRef = 84E8C77E2F40CD6B003B1E6D /* KeychainSwift */; };
		84E8C7882F40D4BD003B1E6D /* FirebaseMessaging in Frameworks */ = {isa = PBXBuildFile; productRef = 84E8C7872F40D4BD003B1E6D /* FirebaseMessaging */; };
		84E8C78A2F40D4BD003B1E6D /* FirebaseRemoteConfigSwift in Frameworks */ = {isa = PBXBuildFile; productRef = 84E8C7892F40D4BD003B1E6D /* FirebaseRemoteConfigSwift */; };
		84E8C78C2F40D4BD003B1E6D /* FirebaseRemoteConfig in Frameworks */ = {isa = PBXBuildFile; productRef = 84E8C78B2F40D4BD003B1E6D /* FirebaseRemoteConfig */; };
/* End PBXBuildFile section */

/* Begin PBXFileReference section */
		84C2A6E12F3E26F800EB2D03 /* ObfuscationBundle.swift */ = {isa = PBXFileReference; lastKnownFileType = sourcecode.swift; path = ObfuscationBundle.swift; sourceTree = "<group>"; };
		84C2A6E32F3F488D00EB2D03 /* StringObfuscation.swift */ = {isa = PBXFileReference; lastKnownFileType = sourcecode.swift; path = StringObfuscation.swift; sourceTree = "<group>"; };
		84C2A6E62F4010CF00EB2D03 /* AvatarView.swift */ = {isa = PBXFileReference; lastKnownFileType = sourcecode.swift; path = AvatarView.swift; sourceTree = "<group>"; };
		84CAA1412F387A2E00CCCFC1 /* taya.app */ = {isa = PBXFileReference; explicitFileType = wrapper.application; includeInIndex = 0; path = taya.app; sourceTree = BUILT_PRODUCTS_DIR; };
		84CAA1892F38CCD300CCCFC1 /* StoreKit.framework */ = {isa = PBXFileReference; lastKnownFileType = wrapper.framework; name = StoreKit.framework; path = System/Library/Frameworks/StoreKit.framework; sourceTree = SDKROOT; };
		84CAA1992F38D5F300CCCFC1 /* ActionMenuSheet.swift */ = {isa = PBXFileReference; lastKnownFileType = sourcecode.swift; path = ActionMenuSheet.swift; sourceTree = "<group>"; };
		84CAA19A2F38D5F300CCCFC1 /* AgreementDetails.swift */ = {isa = PBXFileReference; lastKnownFileType = sourcecode.swift; path = AgreementDetails.swift; sourceTree = "<group>"; };
		84CAA19B2F38D5F300CCCFC1 /* AgreementView.swift */ = {isa = PBXFileReference; lastKnownFileType = sourcecode.swift; path = AgreementView.swift; sourceTree = "<group>"; };
		84CAA19D2F38D5F300CCCFC1 /* Assets.xcassets */ = {isa = PBXFileReference; lastKnownFileType = folder.assetcatalog; path = Assets.xcassets; sourceTree = "<group>"; };
		84CAA19E2F38D5F300CCCFC1 /* ContentView.swift */ = {isa = PBXFileReference; lastKnownFileType = sourcecode.swift; path = ContentView.swift; sourceTree = "<group>"; };
		84CAA19F2F38D5F300CCCFC1 /* DiscoverView.swift */ = {isa = PBXFileReference; lastKnownFileType = sourcecode.swift; path = DiscoverView.swift; sourceTree = "<group>"; };
		84CAA1A02F38D5F300CCCFC1 /* EditProfileView.swift */ = {isa = PBXFileReference; lastKnownFileType = sourcecode.swift; path = EditProfileView.swift; sourceTree = "<group>"; };
		84CAA1A12F38D5F300CCCFC1 /* GoogleService-Info.plist */ = {isa = PBXFileReference; lastKnownFileType = text.plist.xml; path = "GoogleService-Info.plist"; sourceTree = "<group>"; };
		84CAA1A22F38D5F300CCCFC1 /* HomeView.swift */ = {isa = PBXFileReference; lastKnownFileType = sourcecode.swift; path = HomeView.swift; sourceTree = "<group>"; };
		84CAA1A32F38D5F300CCCFC1 /* IMView.swift */ = {isa = PBXFileReference; lastKnownFileType = sourcecode.swift; path = IMView.swift; sourceTree = "<group>"; };
		84CAA1A42F38D5F300CCCFC1 /* LaunchScreen.storyboard */ = {isa = PBXFileReference; lastKnownFileType = file.storyboard; path = LaunchScreen.storyboard; sourceTree = "<group>"; };
		84CAA1A52F38D5F300CCCFC1 /* Models.swift */ = {isa = PBXFileReference; lastKnownFileType = sourcecode.swift; path = Models.swift; sourceTree = "<group>"; };
		84CAA1A62F38D5F300CCCFC1 /* PostDetailView.swift */ = {isa = PBXFileReference; lastKnownFileType = sourcecode.swift; path = PostDetailView.swift; sourceTree = "<group>"; };
		84CAA1A72F38D5F300CCCFC1 /* ProfileView.swift */ = {isa = PBXFileReference; lastKnownFileType = sourcecode.swift; path = ProfileView.swift; sourceTree = "<group>"; };
		84CAA1A82F38D5F300CCCFC1 /* SessionManager.swift */ = {isa = PBXFileReference; lastKnownFileType = sourcecode.swift; path = SessionManager.swift; sourceTree = "<group>"; };
		84CAA1A92F38D5F300CCCFC1 /* sky.jpeg */ = {isa = PBXFileReference; lastKnownFileType = image.jpeg; path = sky.jpeg; sourceTree = "<group>"; };
		84CAA1AA2F38D5F300CCCFC1 /* sky.mp4 */ = {isa = PBXFileReference; lastKnownFileType = file; path = sky.mp4; sourceTree = "<group>"; };
		84CAA1AB2F38D5F300CCCFC1 /* star.jpeg */ = {isa = PBXFileReference; lastKnownFileType = image.jpeg; path = star.jpeg; sourceTree = "<group>"; };
		84CAA1AC2F38D5F300CCCFC1 /* star.mp4 */ = {isa = PBXFileReference; lastKnownFileType = file; path = star.mp4; sourceTree = "<group>"; };
		84CAA1AD2F38D5F300CCCFC1 /* StoreManager.swift */ = {isa = PBXFileReference; lastKnownFileType = sourcecode.swift; path = StoreManager.swift; sourceTree = "<group>"; };
		84CAA1AE2F38D5F300CCCFC1 /* StoreView.swift */ = {isa = PBXFileReference; lastKnownFileType = sourcecode.swift; path = StoreView.swift; sourceTree = "<group>"; };
		84CAA1AF2F38D5F300CCCFC1 /* taya.entitlements */ = {isa = PBXFileReference; lastKnownFileType = text.plist.entitlements; path = taya.entitlements; sourceTree = "<group>"; };
		84CAA1B02F38D5F300CCCFC1 /* tayaApp.swift */ = {isa = PBXFileReference; lastKnownFileType = sourcecode.swift; path = tayaApp.swift; sourceTree = "<group>"; };
		84CAA1B12F38D5F300CCCFC1 /* VideoPlayerView.swift */ = {isa = PBXFileReference; lastKnownFileType = sourcecode.swift; path = VideoPlayerView.swift; sourceTree = "<group>"; };
		84CAA1CC2F38D68700CCCFC1 /* AppAdjustManager.swift */ = {isa = PBXFileReference; lastKnownFileType = sourcecode.swift; path = AppAdjustManager.swift; sourceTree = "<group>"; };
		84CAA1CD2F38D68700CCCFC1 /* AppConfig.swift */ = {isa = PBXFileReference; lastKnownFileType = sourcecode.swift; path = AppConfig.swift; sourceTree = "<group>"; };
		84CAA1CE2F38D68700CCCFC1 /* AppDelegate.swift */ = {isa = PBXFileReference; lastKnownFileType = sourcecode.swift; path = AppDelegate.swift; sourceTree = "<group>"; };
		84CAA1CF2F38D68700CCCFC1 /* AppleIAPManager.swift */ = {isa = PBXFileReference; lastKnownFileType = sourcecode.swift; path = AppleIAPManager.swift; sourceTree = "<group>"; };
		84CAA1D02F38D68700CCCFC1 /* AppPermissionTool.swift */ = {isa = PBXFileReference; lastKnownFileType = sourcecode.swift; path = AppPermissionTool.swift; sourceTree = "<group>"; };
		84CAA1D12F38D68700CCCFC1 /* AppRequestBaseModel.swift */ = {isa = PBXFileReference; lastKnownFileType = sourcecode.swift; path = AppRequestBaseModel.swift; sourceTree = "<group>"; };
		84CAA1D22F38D68700CCCFC1 /* AppRequestTool.swift */ = {isa = PBXFileReference; lastKnownFileType = sourcecode.swift; path = AppRequestTool.swift; sourceTree = "<group>"; };
		84CAA1D32F38D68700CCCFC1 /* AppWebViewController.swift */ = {isa = PBXFileReference; lastKnownFileType = sourcecode.swift; path = AppWebViewController.swift; sourceTree = "<group>"; };
		84CAA1D42F38D68700CCCFC1 /* AppWebViewHandleEvent.swift */ = {isa = PBXFileReference; lastKnownFileType = sourcecode.swift; path = AppWebViewHandleEvent.swift; sourceTree = "<group>"; };
		84CAA1D52F38D68700CCCFC1 /* AppWebViewScriptDelegateHandler.swift */ = {isa = PBXFileReference; lastKnownFileType = sourcecode.swift; path = AppWebViewScriptDelegateHandler.swift; sourceTree = "<group>"; };
		84CAA1D62F38D68700CCCFC1 /* LocalPushScheduler.swift */ = {isa = PBXFileReference; lastKnownFileType = sourcecode.swift; path = LocalPushScheduler.swift; sourceTree = "<group>"; };
		84CAA1D72F38D68700CCCFC1 /* ProgressHUD.swift */ = {isa = PBXFileReference; lastKnownFileType = sourcecode.swift; path = ProgressHUD.swift; sourceTree = "<group>"; };
		84CAA1D82F38D68700CCCFC1 /* WaitViewController.swift */ = {isa = PBXFileReference; lastKnownFileType = sourcecode.swift; path = WaitViewController.swift; sourceTree = "<group>"; };
		84E8C7582F40CB25003B1E6D /* WebViewJavascriptBridge.h */ = {isa = PBXFileReference; lastKnownFileType = sourcecode.c.h; path = WebViewJavascriptBridge.h; sourceTree = "<group>"; };
		84E8C7592F40CB25003B1E6D /* WebViewJavascriptBridge.m */ = {isa = PBXFileReference; lastKnownFileType = sourcecode.c.objc; path = WebViewJavascriptBridge.m; sourceTree = "<group>"; };
		84E8C75A2F40CB25003B1E6D /* WebViewJavascriptBridge_JS.h */ = {isa = PBXFileReference; lastKnownFileType = sourcecode.c.h; path = WebViewJavascriptBridge_JS.h; sourceTree = "<group>"; };
		84E8C75B2F40CB25003B1E6D /* WebViewJavascriptBridge_JS.m */ = {isa = PBXFileReference; lastKnownFileType = sourcecode.c.objc; path = WebViewJavascriptBridge_JS.m; sourceTree = "<group>"; };
		84E8C75C2F40CB25003B1E6D /* WebViewJavascriptBridgeBase.h */ = {isa = PBXFileReference; lastKnownFileType = sourcecode.c.h; path = WebViewJavascriptBridgeBase.h; sourceTree = "<group>"; };
		84E8C75D2F40CB25003B1E6D /* WebViewJavascriptBridgeBase.m */ = {isa = PBXFileReference; lastKnownFileType = sourcecode.c.objc; path = WebViewJavascriptBridgeBase.m; sourceTree = "<group>"; };
		84E8C75E2F40CB25003B1E6D /* WKWebViewJavascriptBridge.h */ = {isa = PBXFileReference; lastKnownFileType = sourcecode.c.h; path = WKWebViewJavascriptBridge.h; sourceTree = "<group>"; };
		84E8C75F2F40CB25003B1E6D /* WKWebViewJavascriptBridge.m */ = {isa = PBXFileReference; lastKnownFileType = sourcecode.c.objc; path = WKWebViewJavascriptBridge.m; sourceTree = "<group>"; };
		84E8C7802F40CDBE003B1E6D /* Taya-Bridging-Header.h */ = {isa = PBXFileReference; lastKnownFileType = sourcecode.c.h; path = "Taya-Bridging-Header.h"; sourceTree = "<group>"; };
/* End PBXFileReference section */

/* Begin PBXFrameworksBuildPhase section */
		84CAA13E2F387A2E00CCCFC1 /* Frameworks */ = {
			isa = PBXFrameworksBuildPhase;
			buildActionMask = 2147483647;
			files = (
				84E8C7882F40D4BD003B1E6D /* FirebaseMessaging in Frameworks */,
				84E8C7732F40CC91003B1E6D /* Adjust in Frameworks */,
				84E8C78C2F40D4BD003B1E6D /* FirebaseRemoteConfig in Frameworks */,
				84E8C7692F40CC3D003B1E6D /* Alamofire in Frameworks */,
				84E8C77F2F40CD6B003B1E6D /* KeychainSwift in Frameworks */,
				84E8C78A2F40D4BD003B1E6D /* FirebaseRemoteConfigSwift in Frameworks */,
				84E8C76E2F40CC5B003B1E6D /* HandyJSON in Frameworks */,
			);
			runOnlyForDeploymentPostprocessing = 0;
		};
/* End PBXFrameworksBuildPhase section */

/* Begin PBXGroup section */
		84C2A6E42F3F488D00EB2D03 /* Utils */ = {
			isa = PBXGroup;
			children = (
				84C2A6E32F3F488D00EB2D03 /* StringObfuscation.swift */,
			);
			path = Utils;
			sourceTree = "<group>";
		};
		84CAA1382F387A2E00CCCFC1 = {
			isa = PBXGroup;
			children = (
				84CAA1B22F38D5F300CCCFC1 /* taya */,
				84CAA1882F38CCD300CCCFC1 /* Frameworks */,
				84CAA1422F387A2E00CCCFC1 /* Products */,
			);
			sourceTree = "<group>";
		};
		84CAA1422F387A2E00CCCFC1 /* Products */ = {
			isa = PBXGroup;
			children = (
				84CAA1412F387A2E00CCCFC1 /* taya.app */,
			);
			name = Products;
			sourceTree = "<group>";
		};
		84CAA1882F38CCD300CCCFC1 /* Frameworks */ = {
			isa = PBXGroup;
			children = (
				84CAA1892F38CCD300CCCFC1 /* StoreKit.framework */,
			);
			name = Frameworks;
			sourceTree = "<group>";
		};
		84CAA1B22F38D5F300CCCFC1 /* taya */ = {
			isa = PBXGroup;
			children = (
				84E8C7622F40CB25003B1E6D /* taya */,
				84C2A6E62F4010CF00EB2D03 /* AvatarView.swift */,
				84E8C7802F40CDBE003B1E6D /* Taya-Bridging-Header.h */,
				84C2A6E42F3F488D00EB2D03 /* Utils */,
				84C2A6E12F3E26F800EB2D03 /* ObfuscationBundle.swift */,
				84CAA1CB2F38D66D00CCCFC1 /* rt */,
				84CAA1992F38D5F300CCCFC1 /* ActionMenuSheet.swift */,
				84CAA19A2F38D5F300CCCFC1 /* AgreementDetails.swift */,
				84CAA19B2F38D5F300CCCFC1 /* AgreementView.swift */,
				84CAA19D2F38D5F300CCCFC1 /* Assets.xcassets */,
				84CAA19E2F38D5F300CCCFC1 /* ContentView.swift */,
				84CAA19F2F38D5F300CCCFC1 /* DiscoverView.swift */,
				84CAA1A02F38D5F300CCCFC1 /* EditProfileView.swift */,
				84CAA1A12F38D5F300CCCFC1 /* GoogleService-Info.plist */,
				84CAA1A22F38D5F300CCCFC1 /* HomeView.swift */,
				84CAA1A32F38D5F300CCCFC1 /* IMView.swift */,
				84CAA1A42F38D5F300CCCFC1 /* LaunchScreen.storyboard */,
				84CAA1A52F38D5F300CCCFC1 /* Models.swift */,
				84CAA1A62F38D5F300CCCFC1 /* PostDetailView.swift */,
				84CAA1A72F38D5F300CCCFC1 /* ProfileView.swift */,
				84CAA1A82F38D5F300CCCFC1 /* SessionManager.swift */,
				84CAA1A92F38D5F300CCCFC1 /* sky.jpeg */,
				84CAA1AA2F38D5F300CCCFC1 /* sky.mp4 */,
				84CAA1AB2F38D5F300CCCFC1 /* star.jpeg */,
				84CAA1AC2F38D5F300CCCFC1 /* star.mp4 */,
				84CAA1AD2F38D5F300CCCFC1 /* StoreManager.swift */,
				84CAA1AE2F38D5F300CCCFC1 /* StoreView.swift */,
				84CAA1AF2F38D5F300CCCFC1 /* taya.entitlements */,
				84CAA1B02F38D5F300CCCFC1 /* tayaApp.swift */,
				84CAA1B12F38D5F300CCCFC1 /* VideoPlayerView.swift */,
			);
			path = taya;
			sourceTree = "<group>";
		};
		84CAA1CB2F38D66D00CCCFC1 /* rt */ = {
			isa = PBXGroup;
			children = (
				84CAA1CC2F38D68700CCCFC1 /* AppAdjustManager.swift */,
				84CAA1CD2F38D68700CCCFC1 /* AppConfig.swift */,
				84CAA1CE2F38D68700CCCFC1 /* AppDelegate.swift */,
				84CAA1CF2F38D68700CCCFC1 /* AppleIAPManager.swift */,
				84CAA1D02F38D68700CCCFC1 /* AppPermissionTool.swift */,
				84CAA1D12F38D68700CCCFC1 /* AppRequestBaseModel.swift */,
				84CAA1D22F38D68700CCCFC1 /* AppRequestTool.swift */,
				84CAA1D32F38D68700CCCFC1 /* AppWebViewController.swift */,
				84CAA1D42F38D68700CCCFC1 /* AppWebViewHandleEvent.swift */,
				84CAA1D52F38D68700CCCFC1 /* AppWebViewScriptDelegateHandler.swift */,
				84CAA1D62F38D68700CCCFC1 /* LocalPushScheduler.swift */,
				84CAA1D72F38D68700CCCFC1 /* ProgressHUD.swift */,
				84CAA1D82F38D68700CCCFC1 /* WaitViewController.swift */,
			);
			path = rt;
			sourceTree = "<group>";
		};
		84E8C7602F40CB25003B1E6D /* Bridge */ = {
			isa = PBXGroup;
			children = (
				84E8C7582F40CB25003B1E6D /* WebViewJavascriptBridge.h */,
				84E8C7592F40CB25003B1E6D /* WebViewJavascriptBridge.m */,
				84E8C75A2F40CB25003B1E6D /* WebViewJavascriptBridge_JS.h */,
				84E8C75B2F40CB25003B1E6D /* WebViewJavascriptBridge_JS.m */,
				84E8C75C2F40CB25003B1E6D /* WebViewJavascriptBridgeBase.h */,
				84E8C75D2F40CB25003B1E6D /* WebViewJavascriptBridgeBase.m */,
				84E8C75E2F40CB25003B1E6D /* WKWebViewJavascriptBridge.h */,
				84E8C75F2F40CB25003B1E6D /* WKWebViewJavascriptBridge.m */,
			);
			path = Bridge;
			sourceTree = "<group>";
		};
		84E8C7612F40CB25003B1E6D /* Utils */ = {
			isa = PBXGroup;
			children = (
				84E8C7602F40CB25003B1E6D /* Bridge */,
			);
			path = Utils;
			sourceTree = "<group>";
		};
		84E8C7622F40CB25003B1E6D /* taya */ = {
			isa = PBXGroup;
			children = (
				84E8C7612F40CB25003B1E6D /* Utils */,
			);
			path = taya;
			sourceTree = "<group>";
		};
/* End PBXGroup section */

/* Begin PBXNativeTarget section */
		84CAA1402F387A2E00CCCFC1 /* taya */ = {
			isa = PBXNativeTarget;
			buildConfigurationList = 84CAA14C2F387A3000CCCFC1 /* Build configuration list for PBXNativeTarget "taya" */;
			buildPhases = (
				84CAA13D2F387A2E00CCCFC1 /* Sources */,
				84CAA13E2F387A2E00CCCFC1 /* Frameworks */,
				84CAA13F2F387A2E00CCCFC1 /* Resources */,
			);
			buildRules = (
			);
			dependencies = (
			);
			name = taya;
			productName = taya;
			productReference = 84CAA1412F387A2E00CCCFC1 /* taya.app */;
			productType = "com.apple.product-type.application";
		};
/* End PBXNativeTarget section */

/* Begin PBXProject section */
		84CAA1392F387A2E00CCCFC1 /* Project object */ = {
			isa = PBXProject;
			attributes = {
				BuildIndependentTargetsInParallel = 1;
				LastSwiftUpdateCheck = 2620;
				LastUpgradeCheck = 2620;
				TargetAttributes = {
					84CAA1402F387A2E00CCCFC1 = {
						CreatedOnToolsVersion = 26.2;
					};
				};
			};
			buildConfigurationList = 84CAA13C2F387A2E00CCCFC1 /* Build configuration list for PBXProject "taya" */;
			compatibilityVersion = "Xcode 14.0";
			developmentRegion = en;
			hasScannedForEncodings = 0;
			knownRegions = (
				en,
				Base,
			);
			mainGroup = 84CAA1382F387A2E00CCCFC1;
			packageReferences = (
				84E8C7672F40CC3D003B1E6D /* XCRemoteSwiftPackageReference "Alamofire" */,
				84E8C76C2F40CC5B003B1E6D /* XCRemoteSwiftPackageReference "HandyJSON" */,
				84E8C76F2F40CC91003B1E6D /* XCRemoteSwiftPackageReference "ios_sdk" */,
				84E8C77D2F40CD6B003B1E6D /* XCRemoteSwiftPackageReference "keychain-swift" */,
				84E8C7862F40D4BD003B1E6D /* XCRemoteSwiftPackageReference "firebase-ios-sdk" */,
			);
			productRefGroup = 84CAA1422F387A2E00CCCFC1 /* Products */;
			projectDirPath = "";
			projectRoot = "";
			targets = (
				84CAA1402F387A2E00CCCFC1 /* taya */,
			);
		};
/* End PBXProject section */

/* Begin PBXResourcesBuildPhase section */
		84CAA13F2F387A2E00CCCFC1 /* Resources */ = {
			isa = PBXResourcesBuildPhase;
			buildActionMask = 2147483647;
			files = (
				84CAA1B32F38D5F300CCCFC1 /* Assets.xcassets in Resources */,
				84CAA1B42F38D5F300CCCFC1 /* GoogleService-Info.plist in Resources */,
				84CAA1B52F38D5F300CCCFC1 /* LaunchScreen.storyboard in Resources */,
				84CAA1B62F38D5F300CCCFC1 /* sky.jpeg in Resources */,
				84CAA1B72F38D5F300CCCFC1 /* sky.mp4 in Resources */,
				84CAA1B82F38D5F300CCCFC1 /* star.jpeg in Resources */,
				84CAA1B92F38D5F300CCCFC1 /* star.mp4 in Resources */,
			);
			runOnlyForDeploymentPostprocessing = 0;
		};
/* End PBXResourcesBuildPhase section */

/* Begin PBXSourcesBuildPhase section */
		84CAA13D2F387A2E00CCCFC1 /* Sources */ = {
			isa = PBXSourcesBuildPhase;
			buildActionMask = 2147483647;
			files = (
				84CAA1BA2F38D5F300CCCFC1 /* ActionMenuSheet.swift in Sources */,
				84CAA1BB2F38D5F300CCCFC1 /* AgreementDetails.swift in Sources */,
				84C2A6E52F3F488D00EB2D03 /* StringObfuscation.swift in Sources */,
				84CAA1BC2F38D5F300CCCFC1 /* AgreementView.swift in Sources */,
				84CAA1BE2F38D5F300CCCFC1 /* ContentView.swift in Sources */,
				84C2A6E72F4010CF00EB2D03 /* AvatarView.swift in Sources */,
				84CAA1BF2F38D5F300CCCFC1 /* DiscoverView.swift in Sources */,
				84CAA1C02F38D5F300CCCFC1 /* EditProfileView.swift in Sources */,
				84CAA1C12F38D5F300CCCFC1 /* HomeView.swift in Sources */,
				84CAA1D92F38D68700CCCFC1 /* AppleIAPManager.swift in Sources */,
				84CAA1DA2F38D68700CCCFC1 /* AppPermissionTool.swift in Sources */,
				84CAA1DB2F38D68700CCCFC1 /* AppConfig.swift in Sources */,
				84CAA1DC2F38D68700CCCFC1 /* AppWebViewHandleEvent.swift in Sources */,
				84CAA1DD2F38D68700CCCFC1 /* AppRequestBaseModel.swift in Sources */,
				84CAA1DE2F38D68700CCCFC1 /* AppDelegate.swift in Sources */,
				84C2A6E22F3E26F800EB2D03 /* ObfuscationBundle.swift in Sources */,
				84CAA1DF2F38D68700CCCFC1 /* AppWebViewController.swift in Sources */,
				84CAA1E02F38D68700CCCFC1 /* ProgressHUD.swift in Sources */,
				84CAA1E12F38D68700CCCFC1 /* WaitViewController.swift in Sources */,
				84CAA1E22F38D68700CCCFC1 /* AppAdjustManager.swift in Sources */,
				84CAA1E32F38D68700CCCFC1 /* AppRequestTool.swift in Sources */,
				84CAA1E42F38D68700CCCFC1 /* AppWebViewScriptDelegateHandler.swift in Sources */,
				84CAA1E52F38D68700CCCFC1 /* LocalPushScheduler.swift in Sources */,
				84CAA1C22F38D5F300CCCFC1 /* IMView.swift in Sources */,
				84CAA1C32F38D5F300CCCFC1 /* Models.swift in Sources */,
				84CAA1C42F38D5F300CCCFC1 /* PostDetailView.swift in Sources */,
				84E8C7632F40CB25003B1E6D /* WKWebViewJavascriptBridge.m in Sources */,
				84E8C7642F40CB25003B1E6D /* WebViewJavascriptBridge_JS.m in Sources */,
				84E8C7652F40CB25003B1E6D /* WebViewJavascriptBridge.m in Sources */,
				84E8C7662F40CB25003B1E6D /* WebViewJavascriptBridgeBase.m in Sources */,
				84CAA1C52F38D5F300CCCFC1 /* ProfileView.swift in Sources */,
				84CAA1C62F38D5F300CCCFC1 /* SessionManager.swift in Sources */,
				84CAA1C72F38D5F300CCCFC1 /* StoreManager.swift in Sources */,
				84CAA1C82F38D5F300CCCFC1 /* StoreView.swift in Sources */,
				84CAA1C92F38D5F300CCCFC1 /* tayaApp.swift in Sources */,
				84CAA1CA2F38D5F300CCCFC1 /* VideoPlayerView.swift in Sources */,
			);
			runOnlyForDeploymentPostprocessing = 0;
		};
/* End PBXSourcesBuildPhase section */

/* Begin XCBuildConfiguration section */
		84CAA14A2F387A3000CCCFC1 /* Debug */ = {
			isa = XCBuildConfiguration;
			buildSettings = {
				ALWAYS_SEARCH_USER_PATHS = NO;
				ASSETCATALOG_COMPILER_GENERATE_SWIFT_ASSET_SYMBOL_EXTENSIONS = YES;
				CLANG_ANALYZER_NONNULL = YES;
				CLANG_ANALYZER_NUMBER_OBJECT_CONVERSION = YES_AGGRESSIVE;
				CLANG_CXX_LANGUAGE_STANDARD = "gnu++20";
				CLANG_ENABLE_MODULES = YES;
				CLANG_ENABLE_OBJC_ARC = YES;
				CLANG_ENABLE_OBJC_WEAK = YES;
				CLANG_WARN_BLOCK_CAPTURE_AUTORELEASING = YES;
				CLANG_WARN_BOOL_CONVERSION = YES;
				CLANG_WARN_COMMA = YES;
				CLANG_WARN_CONSTANT_CONVERSION = YES;
				CLANG_WARN_DEPRECATED_OBJC_IMPLEMENTATIONS = YES;
				CLANG_WARN_DIRECT_OBJC_ISA_USAGE = YES_ERROR;
				CLANG_WARN_DOCUMENTATION_COMMENTS = YES;
				CLANG_WARN_EMPTY_BODY = YES;
				CLANG_WARN_ENUM_CONVERSION = YES;
				CLANG_WARN_INFINITE_RECURSION = YES;
				CLANG_WARN_INT_CONVERSION = YES;
				CLANG_WARN_NON_LITERAL_NULL_CONVERSION = YES;
				CLANG_WARN_OBJC_IMPLICIT_RETAIN_SELF = YES;
				CLANG_WARN_OBJC_LITERAL_CONVERSION = YES;
				CLANG_WARN_OBJC_ROOT_CLASS = YES_ERROR;
				CLANG_WARN_QUOTED_INCLUDE_IN_FRAMEWORK_HEADER = YES;
				CLANG_WARN_RANGE_LOOP_ANALYSIS = YES;
				CLANG_WARN_STRICT_PROTOTYPES = YES;
				CLANG_WARN_SUSPICIOUS_MOVE = YES;
				CLANG_WARN_UNGUARDED_AVAILABILITY = YES_AGGRESSIVE;
				CLANG_WARN_UNREACHABLE_CODE = YES;
				CLANG_WARN__DUPLICATE_METHOD_MATCH = YES;
				COPY_PHASE_STRIP = NO;
				DEBUG_INFORMATION_FORMAT = dwarf;
				ENABLE_STRICT_OBJC_MSGSEND = YES;
				ENABLE_TESTABILITY = YES;
				ENABLE_USER_SCRIPT_SANDBOXING = YES;
				GCC_C_LANGUAGE_STANDARD = gnu17;
				GCC_DYNAMIC_NO_PIC = NO;
				GCC_NO_COMMON_BLOCKS = YES;
				GCC_OPTIMIZATION_LEVEL = 0;
				GCC_PREPROCESSOR_DEFINITIONS = (
					"DEBUG=1",
					"$(inherited)",
				);
				GCC_WARN_64_TO_32_BIT_CONVERSION = YES;
				GCC_WARN_ABOUT_RETURN_TYPE = YES_ERROR;
				GCC_WARN_UNDECLARED_SELECTOR = YES;
				GCC_WARN_UNINITIALIZED_AUTOS = YES_AGGRESSIVE;
				GCC_WARN_UNUSED_FUNCTION = YES;
				GCC_WARN_UNUSED_VARIABLE = YES;
				HEADER_SEARCH_PATHS = (
					"$(inherited)",
					"$(SRCROOT)/taya/taya/Utils/Bridge",
				);
				IPHONEOS_DEPLOYMENT_TARGET = 26.2;
				LOCALIZATION_PREFERS_STRING_CATALOGS = YES;
				MTL_ENABLE_DEBUG_INFO = INCLUDE_SOURCE;
				MTL_FAST_MATH = YES;
				ONLY_ACTIVE_ARCH = YES;
				SDKROOT = iphoneos;
				SWIFT_ACTIVE_COMPILATION_CONDITIONS = "DEBUG $(inherited)";
				SWIFT_OBJC_BRIDGING_HEADER = "taya/Taya-Bridging-Header.h";
				SWIFT_OPTIMIZATION_LEVEL = "-Onone";
			};
			name = Debug;
		};
		84CAA14B2F387A3000CCCFC1 /* Release */ = {
			isa = XCBuildConfiguration;
			buildSettings = {
				ALWAYS_SEARCH_USER_PATHS = NO;
				ASSETCATALOG_COMPILER_GENERATE_SWIFT_ASSET_SYMBOL_EXTENSIONS = YES;
				CLANG_ANALYZER_NONNULL = YES;
				CLANG_ANALYZER_NUMBER_OBJECT_CONVERSION = YES_AGGRESSIVE;
				CLANG_CXX_LANGUAGE_STANDARD = "gnu++20";
				CLANG_ENABLE_MODULES = YES;
				CLANG_ENABLE_OBJC_ARC = YES;
				CLANG_ENABLE_OBJC_WEAK = YES;
				CLANG_WARN_BLOCK_CAPTURE_AUTORELEASING = YES;
				CLANG_WARN_BOOL_CONVERSION = YES;
				CLANG_WARN_COMMA = YES;
				CLANG_WARN_CONSTANT_CONVERSION = YES;
				CLANG_WARN_DEPRECATED_OBJC_IMPLEMENTATIONS = YES;
				CLANG_WARN_DIRECT_OBJC_ISA_USAGE = YES_ERROR;
				CLANG_WARN_DOCUMENTATION_COMMENTS = YES;
				CLANG_WARN_EMPTY_BODY = YES;
				CLANG_WARN_ENUM_CONVERSION = YES;
				CLANG_WARN_INFINITE_RECURSION = YES;
				CLANG_WARN_INT_CONVERSION = YES;
				CLANG_WARN_NON_LITERAL_NULL_CONVERSION = YES;
				CLANG_WARN_OBJC_IMPLICIT_RETAIN_SELF = YES;
				CLANG_WARN_OBJC_LITERAL_CONVERSION = YES;
				CLANG_WARN_OBJC_ROOT_CLASS = YES_ERROR;
				CLANG_WARN_QUOTED_INCLUDE_IN_FRAMEWORK_HEADER = YES;
				CLANG_WARN_RANGE_LOOP_ANALYSIS = YES;
				CLANG_WARN_STRICT_PROTOTYPES = YES;
				CLANG_WARN_SUSPICIOUS_MOVE = YES;
				CLANG_WARN_UNGUARDED_AVAILABILITY = YES_AGGRESSIVE;
				CLANG_WARN_UNREACHABLE_CODE = YES;
				CLANG_WARN__DUPLICATE_METHOD_MATCH = YES;
				COPY_PHASE_STRIP = NO;
				DEBUG_INFORMATION_FORMAT = "dwarf-with-dsym";
				ENABLE_NS_ASSERTIONS = NO;
				ENABLE_STRICT_OBJC_MSGSEND = YES;
				ENABLE_USER_SCRIPT_SANDBOXING = YES;
				GCC_C_LANGUAGE_STANDARD = gnu17;
				GCC_NO_COMMON_BLOCKS = YES;
				GCC_WARN_64_TO_32_BIT_CONVERSION = YES;
				GCC_WARN_ABOUT_RETURN_TYPE = YES_ERROR;
				GCC_WARN_UNDECLARED_SELECTOR = YES;
				GCC_WARN_UNINITIALIZED_AUTOS = YES_AGGRESSIVE;
				GCC_WARN_UNUSED_FUNCTION = YES;
				GCC_WARN_UNUSED_VARIABLE = YES;
				HEADER_SEARCH_PATHS = (
					"$(inherited)",
					"$(SRCROOT)/taya/taya/Utils/Bridge",
				);
				IPHONEOS_DEPLOYMENT_TARGET = 26.2;
				LOCALIZATION_PREFERS_STRING_CATALOGS = YES;
				MTL_ENABLE_DEBUG_INFO = NO;
				MTL_FAST_MATH = YES;
				SDKROOT = iphoneos;
				SWIFT_COMPILATION_MODE = wholemodule;
				VALIDATE_PRODUCT = YES;
			};
			name = Release;
		};
		84CAA14D2F387A3000CCCFC1 /* Debug */ = {
			isa = XCBuildConfiguration;
			buildSettings = {
				ASSETCATALOG_COMPILER_APPICON_NAME = AppIcon;
				ASSETCATALOG_COMPILER_GLOBAL_ACCENT_COLOR_NAME = AccentColor;
				CODE_SIGN_ENTITLEMENTS = taya/taya.entitlements;
				CODE_SIGN_STYLE = Manual;
				CURRENT_PROJECT_VERSION = 4;
				DEVELOPMENT_TEAM = "";
				ENABLE_PREVIEWS = YES;
				ENABLE_USER_SCRIPT_SANDBOXING = NO;
				GENERATE_INFOPLIST_FILE = NO;
				INFOPLIST_FILE = Info.plist;
				INFOPLIST_KEY_CFBundleDisplayName = Taya;
				INFOPLIST_KEY_UIApplicationSceneManifest_Generation = YES;
				INFOPLIST_KEY_UIApplicationSupportsIndirectInputEvents = YES;
				INFOPLIST_KEY_UILaunchScreen_Generation = YES;
				INFOPLIST_KEY_UISupportedInterfaceOrientations_iPad = "UIInterfaceOrientationPortrait UIInterfaceOrientationPortraitUpsideDown UIInterfaceOrientationLandscapeLeft UIInterfaceOrientationLandscapeRight";
				INFOPLIST_KEY_UISupportedInterfaceOrientations_iPhone = "UIInterfaceOrientationPortrait UIInterfaceOrientationLandscapeLeft UIInterfaceOrientationLandscapeRight";
				IPHONEOS_DEPLOYMENT_TARGET = 13.0;
				LD_RUNPATH_SEARCH_PATHS = (
					"$(inherited)",
					"@executable_path/Frameworks",
				);
				MARKETING_VERSION = 1.1.0;
				PRODUCT_BUNDLE_IDENTIFIER = com.taya.com;
				PRODUCT_NAME = "$(TARGET_NAME)";
				PROVISIONING_PROFILE_SPECIFIER = "";
				STRING_CATALOG_GENERATE_SYMBOLS = YES;
				SUPPORTED_PLATFORMS = "iphoneos iphonesimulator";
				SUPPORTS_MACCATALYST = NO;
				SUPPORTS_MAC_DESIGNED_FOR_IPHONE_IPAD = NO;
				SUPPORTS_XR_DESIGNED_FOR_IPHONE_IPAD = NO;
				SWIFT_APPROACHABLE_CONCURRENCY = YES;
				SWIFT_DEFAULT_ACTOR_ISOLATION = MainActor;
				SWIFT_EMIT_LOC_STRINGS = YES;
				SWIFT_UPCOMING_FEATURE_MEMBER_IMPORT_VISIBILITY = YES;
				SWIFT_VERSION = 5.0;
				TARGETED_DEVICE_FAMILY = 1;
			};
			name = Debug;
		};
		84CAA14E2F387A3000CCCFC1 /* Release */ = {
			isa = XCBuildConfiguration;
			buildSettings = {
				ASSETCATALOG_COMPILER_APPICON_NAME = AppIcon;
				ASSETCATALOG_COMPILER_GLOBAL_ACCENT_COLOR_NAME = AccentColor;
				CODE_SIGN_ENTITLEMENTS = taya/taya.entitlements;
				CODE_SIGN_IDENTITY = "Apple Distribution";
				CODE_SIGN_STYLE = Manual;
				CURRENT_PROJECT_VERSION = 4;
				DEVELOPMENT_TEAM = "";
				ENABLE_PREVIEWS = YES;
				ENABLE_USER_SCRIPT_SANDBOXING = NO;
				GENERATE_INFOPLIST_FILE = NO;
				HEADER_SEARCH_PATHS = (
					"$(inherited)",
					"$(SRCROOT)/taya/taya/Utils/Bridge",
				);
				INFOPLIST_FILE = Info.plist;
				INFOPLIST_KEY_CFBundleDisplayName = Taya;
				INFOPLIST_KEY_UIApplicationSceneManifest_Generation = YES;
				INFOPLIST_KEY_UIApplicationSupportsIndirectInputEvents = YES;
				INFOPLIST_KEY_UILaunchScreen_Generation = YES;
				INFOPLIST_KEY_UISupportedInterfaceOrientations_iPad = "UIInterfaceOrientationPortrait UIInterfaceOrientationPortraitUpsideDown UIInterfaceOrientationLandscapeLeft UIInterfaceOrientationLandscapeRight";
				INFOPLIST_KEY_UISupportedInterfaceOrientations_iPhone = "UIInterfaceOrientationPortrait UIInterfaceOrientationLandscapeLeft UIInterfaceOrientationLandscapeRight";
				IPHONEOS_DEPLOYMENT_TARGET = 13.0;
				LD_RUNPATH_SEARCH_PATHS = (
					"$(inherited)",
					"@executable_path/Frameworks",
				);
				MARKETING_VERSION = 1.1.0;
				PRODUCT_BUNDLE_IDENTIFIER = com.taya.com;
				PRODUCT_NAME = "$(TARGET_NAME)";
				PROVISIONING_PROFILE = "$(APP_PROFILE)";
				PROVISIONING_PROFILE_SPECIFIER = "";
				STRING_CATALOG_GENERATE_SYMBOLS = YES;
				SUPPORTED_PLATFORMS = "iphoneos iphonesimulator";
				SUPPORTS_MACCATALYST = NO;
				SUPPORTS_MAC_DESIGNED_FOR_IPHONE_IPAD = NO;
				SUPPORTS_XR_DESIGNED_FOR_IPHONE_IPAD = NO;
				SWIFT_APPROACHABLE_CONCURRENCY = YES;
				SWIFT_DEFAULT_ACTOR_ISOLATION = MainActor;
				SWIFT_EMIT_LOC_STRINGS = YES;
				SWIFT_OBJC_BRIDGING_HEADER = "taya/Taya-Bridging-Header.h";
				SWIFT_UPCOMING_FEATURE_MEMBER_IMPORT_VISIBILITY = YES;
				SWIFT_VERSION = 5.0;
				TARGETED_DEVICE_FAMILY = 1;
			};
			name = Release;
		};
/* End XCBuildConfiguration section */

/* Begin XCConfigurationList section */
		84CAA13C2F387A2E00CCCFC1 /* Build configuration list for PBXProject "taya" */ = {
			isa = XCConfigurationList;
			buildConfigurations = (
				84CAA14A2F387A3000CCCFC1 /* Debug */,
				84CAA14B2F387A3000CCCFC1 /* Release */,
			);
			defaultConfigurationIsVisible = 0;
			defaultConfigurationName = Release;
		};
		84CAA14C2F387A3000CCCFC1 /* Build configuration list for PBXNativeTarget "taya" */ = {
			isa = XCConfigurationList;
			buildConfigurations = (
				84CAA14D2F387A3000CCCFC1 /* Debug */,
				84CAA14E2F387A3000CCCFC1 /* Release */,
			);
			defaultConfigurationIsVisible = 0;
			defaultConfigurationName = Release;
		};
/* End XCConfigurationList section */

/* Begin XCRemoteSwiftPackageReference section */
		84E8C7672F40CC3D003B1E6D /* XCRemoteSwiftPackageReference "Alamofire" */ = {
			isa = XCRemoteSwiftPackageReference;
			repositoryURL = "https://github.com/Alamofire/Alamofire";
			requirement = {
				kind = upToNextMajorVersion;
				minimumVersion = 5.11.1;
			};
		};
		84E8C76C2F40CC5B003B1E6D /* XCRemoteSwiftPackageReference "HandyJSON" */ = {
			isa = XCRemoteSwiftPackageReference;
			repositoryURL = "https://github.com/Miles-Matheson/HandyJSON.git";
			requirement = {
				kind = exactVersion;
				version = "5.0.4-beta";
			};
		};
		84E8C76F2F40CC91003B1E6D /* XCRemoteSwiftPackageReference "ios_sdk" */ = {
			isa = XCRemoteSwiftPackageReference;
			repositoryURL = "https://github.com/adjust/ios_sdk";
			requirement = {
				kind = exactVersion;
				version = 4.31.0;
			};
		};
		84E8C77D2F40CD6B003B1E6D /* XCRemoteSwiftPackageReference "keychain-swift" */ = {
			isa = XCRemoteSwiftPackageReference;
			repositoryURL = "https://github.com/evgenyneu/keychain-swift.git";
			requirement = {
				kind = upToNextMajorVersion;
				minimumVersion = 24.0.0;
			};
		};
		84E8C7862F40D4BD003B1E6D /* XCRemoteSwiftPackageReference "firebase-ios-sdk" */ = {
			isa = XCRemoteSwiftPackageReference;
			repositoryURL = "https://github.com/firebase/firebase-ios-sdk";
			requirement = {
				kind = exactVersion;
				version = 10.24.0;
			};
		};
/* End XCRemoteSwiftPackageReference section */

/* Begin XCSwiftPackageProductDependency section */
		84E8C7682F40CC3D003B1E6D /* Alamofire */ = {
			isa = XCSwiftPackageProductDependency;
			package = 84E8C7672F40CC3D003B1E6D /* XCRemoteSwiftPackageReference "Alamofire" */;
			productName = Alamofire;
		};
		84E8C76D2F40CC5B003B1E6D /* HandyJSON */ = {
			isa = XCSwiftPackageProductDependency;
			package = 84E8C76C2F40CC5B003B1E6D /* XCRemoteSwiftPackageReference "HandyJSON" */;
			productName = HandyJSON;
		};
		84E8C7722F40CC91003B1E6D /* Adjust */ = {
			isa = XCSwiftPackageProductDependency;
			package = 84E8C76F2F40CC91003B1E6D /* XCRemoteSwiftPackageReference "ios_sdk" */;
			productName = Adjust;
		};
		84E8C77E2F40CD6B003B1E6D /* KeychainSwift */ = {
			isa = XCSwiftPackageProductDependency;
			package = 84E8C77D2F40CD6B003B1E6D /* XCRemoteSwiftPackageReference "keychain-swift" */;
			productName = KeychainSwift;
		};
		84E8C7872F40D4BD003B1E6D /* FirebaseMessaging */ = {
			isa = XCSwiftPackageProductDependency;
			package = 84E8C7862F40D4BD003B1E6D /* XCRemoteSwiftPackageReference "firebase-ios-sdk" */;
			productName = FirebaseMessaging;
		};
		84E8C7892F40D4BD003B1E6D /* FirebaseRemoteConfigSwift */ = {
			isa = XCSwiftPackageProductDependency;
			package = 84E8C7862F40D4BD003B1E6D /* XCRemoteSwiftPackageReference "firebase-ios-sdk" */;
			productName = FirebaseRemoteConfigSwift;
		};
		84E8C78B2F40D4BD003B1E6D /* FirebaseRemoteConfig */ = {
			isa = XCSwiftPackageProductDependency;
			package = 84E8C7862F40D4BD003B1E6D /* XCRemoteSwiftPackageReference "firebase-ios-sdk" */;
			productName = FirebaseRemoteConfig;
		};
/* End XCSwiftPackageProductDependency section */
	};
	rootObject = 84CAA1392F387A2E00CCCFC1 /* Project object */;
}
